
Microsoft Visual Studio Solution File, Format Version 12.00
# Visual Studio Version 16
VisualStudioVersion = 16.0.29613.14
MinimumVisualStudioVersion = 10.0.40219.1
Project("{FAE04EC0-301F-11D3-BF4B-00C04F79EFBC}") = "Ex2_LivroAutorEditora", "Ex2_LivroAutorEditora.csproj", "{EEFFB363-D836-4ED5-8446-CD91C1F87F75}"
EndProject
Global
	GlobalSection(SolutionConfigurationPlatforms) = preSolution
		Debug|Any CPU = Debug|Any CPU
		Release|Any CPU = Release|Any CPU
	EndGlobalSection
	GlobalSection(ProjectConfigurationPlatforms) = postSolution
		{EEFFB363-D836-4ED5-8446-CD91C1F87F75}.Debug|Any CPU.ActiveCfg = Debug|Any CPU
		{EEFFB363-D836-4ED5-8446-CD91C1F87F75}.Debug|Any CPU.Build.0 = Debug|Any CPU
		{EEFFB363-D836-4ED5-8446-CD91C1F87F75}.Release|Any CPU.ActiveCfg = Release|Any CPU
		{EEFFB363-D836-4ED5-8446-CD91C1F87F75}.Release|Any CPU.Build.0 = Release|Any CPU
	EndGlobalSection
	GlobalSection(SolutionProperties) = preSolution
		HideSolutionNode = FALSE
	EndGlobalSection
	GlobalSection(ExtensibilityGlobals) = postSolution
		SolutionGuid = {B47E66A4-F9EB-4F21-BA26-B5EA613CA00F}
	EndGlobalSection
EndGlobal
