
Microsoft Visual Studio Solution File, Format Version 12.00
# Visual Studio Version 17
VisualStudioVersion = 17.1.32328.378
MinimumVisualStudioVersion = 10.0.40219.1
Project("{FAE04EC0-301F-11D3-BF4B-00C04F79EFBC}") = "PetsPessoas", "PetsPessoas.csproj", "{DBFDA654-3ACF-4BEC-AA3D-60CB9D538259}"
EndProject
Project("{FAE04EC0-301F-11D3-BF4B-00C04F79EFBC}") = "MaisCulturaSantos", "..\MaisCulturaSantos\MaisCulturaSantos.csproj", "{A013793F-E840-40C7-9FA4-35BFD0E1189A}"
EndProject
Global
	GlobalSection(SolutionConfigurationPlatforms) = preSolution
		Debug|Any CPU = Debug|Any CPU
		Release|Any CPU = Release|Any CPU
	EndGlobalSection
	GlobalSection(ProjectConfigurationPlatforms) = postSolution
		{DBFDA654-3ACF-4BEC-AA3D-60CB9D538259}.Debug|Any CPU.ActiveCfg = Debug|Any CPU
		{DBFDA654-3ACF-4BEC-AA3D-60CB9D538259}.Debug|Any CPU.Build.0 = Debug|Any CPU
		{DBFDA654-3ACF-4BEC-AA3D-60CB9D538259}.Release|Any CPU.ActiveCfg = Release|Any CPU
		{DBFDA654-3ACF-4BEC-AA3D-60CB9D538259}.Release|Any CPU.Build.0 = Release|Any CPU
		{A013793F-E840-40C7-9FA4-35BFD0E1189A}.Debug|Any CPU.ActiveCfg = Debug|Any CPU
		{A013793F-E840-40C7-9FA4-35BFD0E1189A}.Debug|Any CPU.Build.0 = Debug|Any CPU
		{A013793F-E840-40C7-9FA4-35BFD0E1189A}.Release|Any CPU.ActiveCfg = Release|Any CPU
		{A013793F-E840-40C7-9FA4-35BFD0E1189A}.Release|Any CPU.Build.0 = Release|Any CPU
	EndGlobalSection
	GlobalSection(SolutionProperties) = preSolution
		HideSolutionNode = FALSE
	EndGlobalSection
	GlobalSection(ExtensibilityGlobals) = postSolution
		SolutionGuid = {45D93139-F785-4B9D-89E0-BF14989EFED9}
	EndGlobalSection
EndGlobal
